
Microsoft Visual Studio Solution File, Format Version 12.00
# Visual Studio Version 17
VisualStudioVersion = 17.9.34728.123
MinimumVisualStudioVersion = 10.0.40219.1
Project("{FAE04EC0-301F-11D3-BF4B-00C04F79EFBC}") = "Task", "Task\Task.csproj", "{7AE7FC69-7B93-4D74-A6D5-F0886D5D952D}"
EndProject
Global
	GlobalSection(SolutionConfigurationPlatforms) = preSolution
		Debug|Any CPU = Debug|Any CPU
		Release|Any CPU = Release|Any CPU
	EndGlobalSection
	GlobalSection(ProjectConfigurationPlatforms) = postSolution
		{7AE7FC69-7B93-4D74-A6D5-F0886D5D952D}.Debug|Any CPU.ActiveCfg = Debug|Any CPU
		{7AE7FC69-7B93-4D74-A6D5-F0886D5D952D}.Debug|Any CPU.Build.0 = Debug|Any CPU
		{7AE7FC69-7B93-4D74-A6D5-F0886D5D952D}.Release|Any CPU.ActiveCfg = Release|Any CPU
		{7AE7FC69-7B93-4D74-A6D5-F0886D5D952D}.Release|Any CPU.Build.0 = Release|Any CPU
	EndGlobalSection
	GlobalSection(SolutionProperties) = preSolution
		HideSolutionNode = FALSE
	EndGlobalSection
	GlobalSection(ExtensibilityGlobals) = postSolution
		SolutionGuid = {7040FF42-1F68-4F7D-8A19-02A45E5FD990}
	EndGlobalSection
EndGlobal
